# This file is automatically @generated by Poetry 1.8.2 and should not be changed by hand.

[[package]]
name = "black"
version = "24.4.2"
description = "The uncompromising code formatter."
optional = false
python-versions = ">=3.8"
files = [
    {file = "black-24.4.2-cp310-cp310-macosx_10_9_x86_64.whl", hash = "sha256:dd1b5a14e417189db4c7b64a6540f31730713d173f0b63e55fabd52d61d8fdce"},
    {file = "black-24.4.2-cp310-cp310-macosx_11_0_arm64.whl", hash = "sha256:8e537d281831ad0e71007dcdcbe50a71470b978c453fa41ce77186bbe0ed6021"},
    {file = "black-24.4.2-cp310-cp310-manylinux_2_17_x86_64.manylinux2014_x86_64.whl", hash = "sha256:eaea3008c281f1038edb473c1aa8ed8143a5535ff18f978a318f10302b254063"},
    {file = "black-24.4.2-cp310-cp310-win_amd64.whl", hash = "sha256:7768a0dbf16a39aa5e9a3ded568bb545c8c2727396d063bbaf847df05b08cd96"},
    {file = "black-24.4.2-cp311-cp311-macosx_10_9_x86_64.whl", hash = "sha256:257d724c2c9b1660f353b36c802ccece186a30accc7742c176d29c146df6e474"},
    {file = "black-24.4.2-cp311-cp311-macosx_11_0_arm64.whl", hash = "sha256:bdde6f877a18f24844e381d45e9947a49e97933573ac9d4345399be37621e26c"},
    {file = "black-24.4.2-cp311-cp311-manylinux_2_17_x86_64.manylinux2014_x86_64.whl", hash = "sha256:e151054aa00bad1f4e1f04919542885f89f5f7d086b8a59e5000e6c616896ffb"},
    {file = "black-24.4.2-cp311-cp311-win_amd64.whl", hash = "sha256:7e122b1c4fb252fd85df3ca93578732b4749d9be076593076ef4d07a0233c3e1"},
    {file = "black-24.4.2-cp312-cp312-macosx_10_9_x86_64.whl", hash = "sha256:accf49e151c8ed2c0cdc528691838afd217c50412534e876a19270fea1e28e2d"},
    {file = "black-24.4.2-cp312-cp312-macosx_11_0_arm64.whl", hash = "sha256:88c57dc656038f1ab9f92b3eb5335ee9b021412feaa46330d5eba4e51fe49b04"},
    {file = "black-24.4.2-cp312-cp312-manylinux_2_17_x86_64.manylinux2014_x86_64.whl", hash = "sha256:be8bef99eb46d5021bf053114442914baeb3649a89dc5f3a555c88737e5e98fc"},
    {file = "black-24.4.2-cp312-cp312-win_amd64.whl", hash = "sha256:415e686e87dbbe6f4cd5ef0fbf764af7b89f9057b97c908742b6008cc554b9c0"},
    {file = "black-24.4.2-cp38-cp38-macosx_10_9_x86_64.whl", hash = "sha256:bf10f7310db693bb62692609b397e8d67257c55f949abde4c67f9cc574492cc7"},
    {file = "black-24.4.2-cp38-cp38-macosx_11_0_arm64.whl", hash = "sha256:98e123f1d5cfd42f886624d84464f7756f60ff6eab89ae845210631714f6db94"},
    {file = "black-24.4.2-cp38-cp38-manylinux_2_17_x86_64.manylinux2014_x86_64.whl", hash = "sha256:48a85f2cb5e6799a9ef05347b476cce6c182d6c71ee36925a6c194d074336ef8"},
    {file = "black-24.4.2-cp38-cp38-win_amd64.whl", hash = "sha256:b1530ae42e9d6d5b670a34db49a94115a64596bc77710b1d05e9801e62ca0a7c"},
    {file = "black-24.4.2-cp39-cp39-macosx_10_9_x86_64.whl", hash = "sha256:37aae07b029fa0174d39daf02748b379399b909652a806e5708199bd93899da1"},
    {file = "black-24.4.2-cp39-cp39-macosx_11_0_arm64.whl", hash = "sha256:da33a1a5e49c4122ccdfd56cd021ff1ebc4a1ec4e2d01594fef9b6f267a9e741"},
    {file = "black-24.4.2-cp39-cp39-manylinux_2_17_x86_64.manylinux2014_x86_64.whl", hash = "sha256:ef703f83fc32e131e9bcc0a5094cfe85599e7109f896fe8bc96cc402f3eb4b6e"},
    {file = "black-24.4.2-cp39-cp39-win_amd64.whl", hash = "sha256:b9176b9832e84308818a99a561e90aa479e73c523b3f77afd07913380ae2eab7"},
    {file = "black-24.4.2-py3-none-any.whl", hash = "sha256:d36ed1124bb81b32f8614555b34cc4259c3fbc7eec17870e8ff8ded335b58d8c"},
    {file = "black-24.4.2.tar.gz", hash = "sha256:c872b53057f000085da66a19c55d68f6f8ddcac2642392ad3a355878406fbd4d"},
]

[package.dependencies]
click = ">=8.0.0"
mypy-extensions = ">=0.4.3"
packaging = ">=22.0"
pathspec = ">=0.9.0"
platformdirs = ">=2"

[package.extras]
colorama = ["colorama (>=0.4.3)"]
d = ["aiohttp (>=3.7.4)", "aiohttp (>=3.7.4,!=3.9.0)"]
jupyter = ["ipython (>=7.8.0)", "tokenize-rt (>=3.2.0)"]
uvloop = ["uvloop (>=0.15.2)"]

[[package]]
name = "click"
version = "8.1.7"
description = "Composable command line interface toolkit"
optional = false
python-versions = ">=3.7"
files = [
    {file = "click-8.1.7-py3-none-any.whl", hash = "sha256:ae74fb96c20a0277a1d615f1e4d73c8414f5a98db8b799a7931d1582f3390c28"},
    {file = "click-8.1.7.tar.gz", hash = "sha256:ca9853ad459e787e2192211578cc907e7594e294c7ccc834310722b41b9ca6de"},
]

[package.dependencies]
colorama = {version = "*", markers = "platform_system == \"Windows\""}

[[package]]
name = "colorama"
version = "0.4.6"
description = "Cross-platform colored terminal text."
optional = false
python-versions = "!=3.0.*,!=3.1.*,!=3.2.*,!=3.3.*,!=3.4.*,!=3.5.*,!=3.6.*,>=2.7"
files = [
    {file = "colorama-0.4.6-py2.py3-none-any.whl", hash = "sha256:4f1d9991f5acc0ca119f9d443620b77f9d6b33703e51011c16baf57afb285fc6"},
    {file = "colorama-0.4.6.tar.gz", hash = "sha256:08695f5cb7ed6e0531a20572697297273c47b8cae5a63ffc6d6ed5c201be6e44"},
]

[[package]]
name = "mouseinfo"
version = "0.1.3"
description = "An application to display XY position and RGB color information for the pixel currently under the mouse. Works on Python 2 and 3."
optional = false
python-versions = "*"
files = [
    {file = "MouseInfo-0.1.3.tar.gz", hash = "sha256:2c62fb8885062b8e520a3cce0a297c657adcc08c60952eb05bc8256ef6f7f6e7"},
]

[package.dependencies]
pyperclip = "*"
python3-Xlib = {version = "*", markers = "platform_system == \"Linux\" and python_version >= \"3.0\""}
rubicon-objc = {version = "*", markers = "platform_system == \"Darwin\""}

[[package]]
name = "mypy-extensions"
version = "1.0.0"
description = "Type system extensions for programs checked with the mypy type checker."
optional = false
python-versions = ">=3.5"
files = [
    {file = "mypy_extensions-1.0.0-py3-none-any.whl", hash = "sha256:4392f6c0eb8a5668a69e23d168ffa70f0be9ccfd32b5cc2d26a34ae5b844552d"},
    {file = "mypy_extensions-1.0.0.tar.gz", hash = "sha256:75dbf8955dc00442a438fc4d0666508a9a97b6bd41aa2f0ffe9d2f2725af0782"},
]

[[package]]
name = "packaging"
version = "24.0"
description = "Core utilities for Python packages"
optional = false
python-versions = ">=3.7"
files = [
    {file = "packaging-24.0-py3-none-any.whl", hash = "sha256:2ddfb553fdf02fb784c234c7ba6ccc288296ceabec964ad2eae3777778130bc5"},
    {file = "packaging-24.0.tar.gz", hash = "sha256:eb82c5e3e56209074766e6885bb04b8c38a0c015d0a30036ebe7ece34c9989e9"},
]

[[package]]
name = "pathspec"
version = "0.12.1"
description = "Utility library for gitignore style pattern matching of file paths."
optional = false
python-versions = ">=3.8"
files = [
    {file = "pathspec-0.12.1-py3-none-any.whl", hash = "sha256:a0d503e138a4c123b27490a4f7beda6a01c6f288df0e4a8b79c7eb0dc7b4cc08"},
    {file = "pathspec-0.12.1.tar.gz", hash = "sha256:a482d51503a1ab33b1c67a6c3813a26953dbdc71c31dacaef9a838c4e29f5712"},
]

[[package]]
name = "platformdirs"
version = "4.2.1"
description = "A small Python package for determining appropriate platform-specific dirs, e.g. a `user data dir`."
optional = false
python-versions = ">=3.8"
files = [
    {file = "platformdirs-4.2.1-py3-none-any.whl", hash = "sha256:17d5a1161b3fd67b390023cb2d3b026bbd40abde6fdb052dfbd3a29c3ba22ee1"},
    {file = "platformdirs-4.2.1.tar.gz", hash = "sha256:031cd18d4ec63ec53e82dceaac0417d218a6863f7745dfcc9efe7793b7039bdf"},
]

[package.extras]
docs = ["furo (>=2023.9.10)", "proselint (>=0.13)", "sphinx (>=7.2.6)", "sphinx-autodoc-typehints (>=1.25.2)"]
test = ["appdirs (==1.4.4)", "covdefaults (>=2.3)", "pytest (>=7.4.3)", "pytest-cov (>=4.1)", "pytest-mock (>=3.12)"]
type = ["mypy (>=1.8)"]

[[package]]
name = "pyautogui"
version = "0.9.54"
description = "PyAutoGUI lets Python control the mouse and keyboard, and other GUI automation tasks. For Windows, macOS, and Linux, on Python 3 and 2."
optional = false
python-versions = "*"
files = [
    {file = "PyAutoGUI-0.9.54.tar.gz", hash = "sha256:dd1d29e8fd118941cb193f74df57e5c6ff8e9253b99c7b04f39cfc69f3ae04b2"},
]

[package.dependencies]
mouseinfo = "*"
pygetwindow = ">=0.0.5"
pymsgbox = "*"
pyobjc-core = {version = "*", markers = "platform_system == \"Darwin\""}
pyobjc-framework-quartz = {version = "*", markers = "platform_system == \"Darwin\""}
pyscreeze = ">=0.1.21"
python3-Xlib = {version = "*", markers = "platform_system == \"Linux\" and python_version >= \"3.0\""}
pytweening = ">=1.0.4"

[[package]]
name = "pygetwindow"
version = "0.0.9"
description = "A simple, cross-platform module for obtaining GUI information on application's windows."
optional = false
python-versions = "*"
files = [
    {file = "PyGetWindow-0.0.9.tar.gz", hash = "sha256:17894355e7d2b305cd832d717708384017c1698a90ce24f6f7fbf0242dd0a688"},
]

[package.dependencies]
pyrect = "*"

[[package]]
name = "pymsgbox"
version = "1.0.9"
description = "A simple, cross-platform, pure Python module for JavaScript-like message boxes."
optional = false
python-versions = "*"
files = [
    {file = "PyMsgBox-1.0.9.tar.gz", hash = "sha256:2194227de8bff7a3d6da541848705a155dcbb2a06ee120d9f280a1d7f51263ff"},
]

[[package]]
name = "pyobjc-core"
version = "10.2"
description = "Python<->ObjC Interoperability Module"
optional = false
python-versions = ">=3.8"
files = [
    {file = "pyobjc-core-10.2.tar.gz", hash = "sha256:0153206e15d0e0d7abd53ee8a7fbaf5606602a032e177a028fc8589516a8771c"},
    {file = "pyobjc_core-10.2-cp310-cp310-macosx_10_9_universal2.whl", hash = "sha256:b8eab50ce7f17017a0f1d68c3b7e88bb1bb033415fdff62b8e0a9ee4ab72f242"},
    {file = "pyobjc_core-10.2-cp311-cp311-macosx_10_9_universal2.whl", hash = "sha256:f2115971463073426ab926416e17e5c16de5b90d1a1f2a2d8724637eb1c21308"},
    {file = "pyobjc_core-10.2-cp312-cp312-macosx_10_9_universal2.whl", hash = "sha256:a70546246177c23acb323c9324330e37638f1a0a3d13664abcba3bb75e43012c"},
    {file = "pyobjc_core-10.2-cp38-cp38-macosx_10_9_x86_64.whl", hash = "sha256:a9b5a215080d13bd7526031d21d5eb27a410780878d863f486053a0eba7ca9a5"},
    {file = "pyobjc_core-10.2-cp38-cp38-macosx_11_0_universal2.whl", hash = "sha256:eb1ab700a44bcc4ceb125091dfaae0b998b767b49990df5fdc83eb58158d8e3f"},
    {file = "pyobjc_core-10.2-cp39-cp39-macosx_10_9_universal2.whl", hash = "sha256:c9a7163aff9c47d654f835f80361c1b112886ec754800d34e75d1e02ff52c3d7"},
]

[[package]]
name = "pyobjc-framework-cocoa"
version = "10.2"
description = "Wrappers for the Cocoa frameworks on macOS"
optional = false
python-versions = ">=3.8"
files = [
    {file = "pyobjc-framework-Cocoa-10.2.tar.gz", hash = "sha256:6383141379636b13855dca1b39c032752862b829f93a49d7ddb35046abfdc035"},
    {file = "pyobjc_framework_Cocoa-10.2-cp310-cp310-macosx_10_9_universal2.whl", hash = "sha256:f9227b4f271fda2250f5a88cbc686ff30ae02c0f923bb7854bb47972397496b2"},
    {file = "pyobjc_framework_Cocoa-10.2-cp311-cp311-macosx_10_9_universal2.whl", hash = "sha256:6a6042b7703bdc33b7491959c715c1e810a3f8c7a560c94b36e00ef321480797"},
    {file = "pyobjc_framework_Cocoa-10.2-cp312-cp312-macosx_10_9_universal2.whl", hash = "sha256:18886d5013cd7dc7ecd6e0df5134c767569b5247fc10a5e293c72ee3937b217b"},
    {file = "pyobjc_framework_Cocoa-10.2-cp38-cp38-macosx_10_9_x86_64.whl", hash = "sha256:1ecf01400ee698d2e0ff4c907bcf9608d9d710e97203fbb97b37d208507a9362"},
    {file = "pyobjc_framework_Cocoa-10.2-cp38-cp38-macosx_11_0_universal2.whl", hash = "sha256:0def036a7b24e3ae37a244c77bec96b7c9c8384bf6bb4d33369f0a0c8807a70d"},
    {file = "pyobjc_framework_Cocoa-10.2-cp39-cp39-macosx_10_9_universal2.whl", hash = "sha256:5f47ecc393bc1019c4b47e8653207188df784ac006ad54d8c2eb528906ff7013"},
]

[package.dependencies]
pyobjc-core = ">=10.2"

[[package]]
name = "pyobjc-framework-quartz"
version = "10.2"
description = "Wrappers for the Quartz frameworks on macOS"
optional = false
python-versions = ">=3.8"
files = [
    {file = "pyobjc-framework-Quartz-10.2.tar.gz", hash = "sha256:9b947e081f5bd6cd01c99ab5d62c36500d2d6e8d3b87421c1cbb7f9c885555eb"},
    {file = "pyobjc_framework_Quartz-10.2-cp310-cp310-macosx_10_9_universal2.whl", hash = "sha256:bc0ab739259a717d9d13a739434991b54eb8963ad7c27f9f6d04d68531fb479b"},
    {file = "pyobjc_framework_Quartz-10.2-cp311-cp311-macosx_10_9_universal2.whl", hash = "sha256:2a74d00e933c1e1a1820839323dc5cf252bee8bb98e2a298d961f7ae7905ce71"},
    {file = "pyobjc_framework_Quartz-10.2-cp312-cp312-macosx_10_9_universal2.whl", hash = "sha256:3e8e33246d966c2bd7f5ee2cf3b431582fa434a6ec2b6dbe580045ebf1f55be5"},
    {file = "pyobjc_framework_Quartz-10.2-cp38-cp38-macosx_10_9_x86_64.whl", hash = "sha256:c6ca490eff1be0dd8dc7726edde79c97e21ec1afcf55f75962a79e27b4eb2961"},
    {file = "pyobjc_framework_Quartz-10.2-cp38-cp38-macosx_11_0_universal2.whl", hash = "sha256:d3d54d9fa50de09ee8994248151def58f30b4738eb20755b0bdd5ee1e1f5883d"},
    {file = "pyobjc_framework_Quartz-10.2-cp39-cp39-macosx_10_9_universal2.whl", hash = "sha256:520c8031b2389110f80070b078dde1968caaecb10921f8070046c26132ac9286"},
]

[package.dependencies]
pyobjc-core = ">=10.2"
pyobjc-framework-Cocoa = ">=10.2"

[[package]]
name = "pyperclip"
version = "1.8.2"
description = "A cross-platform clipboard module for Python. (Only handles plain text for now.)"
optional = false
python-versions = "*"
files = [
    {file = "pyperclip-1.8.2.tar.gz", hash = "sha256:105254a8b04934f0bc84e9c24eb360a591aaf6535c9def5f29d92af107a9bf57"},
]

[[package]]
name = "pyrect"
version = "0.2.0"
description = "PyRect is a simple module with a Rect class for Pygame-like rectangular areas."
optional = false
python-versions = "*"
files = [
    {file = "PyRect-0.2.0.tar.gz", hash = "sha256:f65155f6df9b929b67caffbd57c0947c5ae5449d3b580d178074bffb47a09b78"},
]

[[package]]
name = "pyscreeze"
version = "0.1.30"
description = "A simple, cross-platform screenshot module for Python 2 and 3."
optional = false
python-versions = "*"
files = [
    {file = "PyScreeze-0.1.30.tar.gz", hash = "sha256:74098ad048e76a6231dcfa6243343af94459b8c829f9ccb7a44a5d3b147a67d1"},
]

[[package]]
name = "python3-xlib"
version = "0.15"
description = "Python3 X Library"
optional = false
python-versions = "*"
files = [
    {file = "python3-xlib-0.15.tar.gz", hash = "sha256:dc4245f3ae4aa5949c1d112ee4723901ade37a96721ba9645f2bfa56e5b383f8"},
]

[[package]]
name = "pytweening"
version = "1.2.0"
description = "A collection of tweening (aka easing) functions."
optional = false
python-versions = "*"
files = [
    {file = "pytweening-1.2.0.tar.gz", hash = "sha256:243318b7736698066c5f362ec5c2b6434ecf4297c3c8e7caa8abfe6af4cac71b"},
]

[[package]]
name = "rubicon-objc"
version = "0.4.9"
description = "A bridge between an Objective C runtime environment and Python."
optional = false
python-versions = ">=3.8"
files = [
    {file = "rubicon_objc-0.4.9-py3-none-any.whl", hash = "sha256:c351b3800cf74c8c23f7d534f008fd5de46c63818de7a44de96daffdb3ed8b8c"},
    {file = "rubicon_objc-0.4.9.tar.gz", hash = "sha256:3d77a5b2d10cb1e49679aa90b7824b46f67b3fd636229aa4a1b902d24aec6a58"},
]

[package.extras]
dev = ["pre-commit (==3.5.0)", "pre-commit (==3.7.0)", "pytest (==8.2.0)", "pytest-tldr (==0.2.5)", "setuptools-scm (==8.0.4)", "tox (==4.15.0)"]
docs = ["furo (==2024.4.27)", "pyenchant (==3.2.2)", "sphinx (==7.1.2)", "sphinx (==7.3.7)", "sphinx-autobuild (==2021.3.14)", "sphinx-autobuild (==2024.4.16)", "sphinx-copybutton (==0.5.2)", "sphinx-tabs (==3.4.5)", "sphinxcontrib-spelling (==8.0.0)"]

[metadata]
lock-version = "2.0"
python-versions = "^3.12"
content-hash = "5f375f8f9eb01fcb3fc5aa44e69651a47f41fd9e99ed1a84e6839ae9bbebf887"
